{
    "_readme": [
        "This file locks the dependencies of your project to a known state",
        "Read more about it at https://getcomposer.org/doc/01-basic-usage.md#composer-lock-the-lock-file",
        "This file is @generated automatically"
    ],
    "hash": "82936b6845506c165068eb74b17a5622",
    "packages": [
        {
            "name": "robrichards/xmlseclibs",
            "version": "1.4.0",
            "source": {
                "type": "git",
                "url": "https://github.com/robrichards/xmlseclibs.git",
                "reference": "e91b4272f43b7708020c995f3c58056e68bfddf0"
            },
            "dist": {
                "type": "zip",
                "url": "https://api.github.com/repos/robrichards/xmlseclibs/zipball/e91b4272f43b7708020c995f3c58056e68bfddf0",
                "reference": "e91b4272f43b7708020c995f3c58056e68bfddf0",
                "shasum": ""
            },
            "require": {
                "php": ">= 5.2"
            },
            "suggest": {
                "ext/mcrypt": "MCrypt extension",
                "ext/openssl": "OpenSSL extension"
            },
            "type": "library",
            "autoload": {
                "classmap": [
                    "src/"
                ]
            },
            "notification-url": "https://packagist.org/downloads/",
            "license": [
                "BSD-3-Clause"
            ],
            "description": "A PHP library for XML Security",
            "homepage": "https://github.com/robrichards/xmlseclibs",
            "keywords": [
                "security",
                "signature",
                "xml",
                "xmldsig"
            ],
            "time": "2015-06-23 18:50:25"
        }
    ],
    "packages-dev": [],
    "aliases": [],
    "minimum-stability": "stable",
    "stability-flags": [],
    "prefer-stable": false,
    "prefer-lowest": false,
    "platform": [],
    "platform-dev": []
}
